
Microsoft Visual Studio Solution File, Format Version 12.00
# Visual Studio Version 16
VisualStudioVersion = 16.0.31205.134
MinimumVisualStudioVersion = 10.0.40219.1
Project("{FAE04EC0-301F-11D3-BF4B-00C04F79EFBC}") = "CSharp_Lesson1", "CSharp_Lesson1\CSharp_Lesson1.csproj", "{CDFA5EAB-EE46-4D39-A348-893EB8E92E1D}"
EndProject
Project("{FAE04EC0-301F-11D3-BF4B-00C04F79EFBC}") = "CSharp_Lesson1_exercise", "CSharp_Lesson1_exercise\CSharp_Lesson1_exercise.csproj", "{6D253942-9F5A-4520-B68D-A446D6790D18}"
EndProject
Global
	GlobalSection(SolutionConfigurationPlatforms) = preSolution
		Debug|Any CPU = Debug|Any CPU
		Release|Any CPU = Release|Any CPU
	EndGlobalSection
	GlobalSection(ProjectConfigurationPlatforms) = postSolution
		{CDFA5EAB-EE46-4D39-A348-893EB8E92E1D}.Debug|Any CPU.ActiveCfg = Debug|Any CPU
		{CDFA5EAB-EE46-4D39-A348-893EB8E92E1D}.Debug|Any CPU.Build.0 = Debug|Any CPU
		{CDFA5EAB-EE46-4D39-A348-893EB8E92E1D}.Release|Any CPU.ActiveCfg = Release|Any CPU
		{CDFA5EAB-EE46-4D39-A348-893EB8E92E1D}.Release|Any CPU.Build.0 = Release|Any CPU
		{6D253942-9F5A-4520-B68D-A446D6790D18}.Debug|Any CPU.ActiveCfg = Debug|Any CPU
		{6D253942-9F5A-4520-B68D-A446D6790D18}.Debug|Any CPU.Build.0 = Debug|Any CPU
		{6D253942-9F5A-4520-B68D-A446D6790D18}.Release|Any CPU.ActiveCfg = Release|Any CPU
		{6D253942-9F5A-4520-B68D-A446D6790D18}.Release|Any CPU.Build.0 = Release|Any CPU
	EndGlobalSection
	GlobalSection(SolutionProperties) = preSolution
		HideSolutionNode = FALSE
	EndGlobalSection
	GlobalSection(ExtensibilityGlobals) = postSolution
		SolutionGuid = {CC604D38-5C07-402E-A193-65BB468668E6}
	EndGlobalSection
EndGlobal
